
Microsoft Visual Studio Solution File, Format Version 12.00
# Visual Studio 15
VisualStudioVersion = 15.0.28307.136
MinimumVisualStudioVersion = 10.0.40219.1
Project("{FAE04EC0-301F-11D3-BF4B-00C04F79EFBC}") = "01-Single-Inheritance", "01-Single-Inheritance\01-Single-Inheritance.csproj", "{727D94E7-0F1D-43D3-AF19-9F6C34302F3D}"
EndProject
Project("{FAE04EC0-301F-11D3-BF4B-00C04F79EFBC}") = "02-Multiple-Inheritance", "02-Multiple-Inheritance\02-Multiple-Inheritance.csproj", "{F452A221-35C1-451E-9462-B5CBED5EF0CC}"
EndProject
Project("{FAE04EC0-301F-11D3-BF4B-00C04F79EFBC}") = "03-Hierarchical-Inheritance", "03-Hierarchical-Inheritance\03-Hierarchical-Inheritance.csproj", "{EB9FC4E6-BF58-4B37-A7C3-5A823C407110}"
EndProject
Project("{FAE04EC0-301F-11D3-BF4B-00C04F79EFBC}") = "04-Random-List", "04-Random-List\04-Random-List.csproj", "{EF8E82FF-6D30-48BC-8029-2571777E5BBA}"
EndProject
Project("{FAE04EC0-301F-11D3-BF4B-00C04F79EFBC}") = "05-Stack-Of-Strings", "05-Stack-Of-Strings\05-Stack-Of-Strings.csproj", "{99800B9C-002D-4DFA-8928-68D9D3CA26AE}"
EndProject
Global
	GlobalSection(SolutionConfigurationPlatforms) = preSolution
		Debug|Any CPU = Debug|Any CPU
		Release|Any CPU = Release|Any CPU
	EndGlobalSection
	GlobalSection(ProjectConfigurationPlatforms) = postSolution
		{727D94E7-0F1D-43D3-AF19-9F6C34302F3D}.Debug|Any CPU.ActiveCfg = Debug|Any CPU
		{727D94E7-0F1D-43D3-AF19-9F6C34302F3D}.Debug|Any CPU.Build.0 = Debug|Any CPU
		{727D94E7-0F1D-43D3-AF19-9F6C34302F3D}.Release|Any CPU.ActiveCfg = Release|Any CPU
		{727D94E7-0F1D-43D3-AF19-9F6C34302F3D}.Release|Any CPU.Build.0 = Release|Any CPU
		{F452A221-35C1-451E-9462-B5CBED5EF0CC}.Debug|Any CPU.ActiveCfg = Debug|Any CPU
		{F452A221-35C1-451E-9462-B5CBED5EF0CC}.Debug|Any CPU.Build.0 = Debug|Any CPU
		{F452A221-35C1-451E-9462-B5CBED5EF0CC}.Release|Any CPU.ActiveCfg = Release|Any CPU
		{F452A221-35C1-451E-9462-B5CBED5EF0CC}.Release|Any CPU.Build.0 = Release|Any CPU
		{EB9FC4E6-BF58-4B37-A7C3-5A823C407110}.Debug|Any CPU.ActiveCfg = Debug|Any CPU
		{EB9FC4E6-BF58-4B37-A7C3-5A823C407110}.Debug|Any CPU.Build.0 = Debug|Any CPU
		{EB9FC4E6-BF58-4B37-A7C3-5A823C407110}.Release|Any CPU.ActiveCfg = Release|Any CPU
		{EB9FC4E6-BF58-4B37-A7C3-5A823C407110}.Release|Any CPU.Build.0 = Release|Any CPU
		{EF8E82FF-6D30-48BC-8029-2571777E5BBA}.Debug|Any CPU.ActiveCfg = Debug|Any CPU
		{EF8E82FF-6D30-48BC-8029-2571777E5BBA}.Debug|Any CPU.Build.0 = Debug|Any CPU
		{EF8E82FF-6D30-48BC-8029-2571777E5BBA}.Release|Any CPU.ActiveCfg = Release|Any CPU
		{EF8E82FF-6D30-48BC-8029-2571777E5BBA}.Release|Any CPU.Build.0 = Release|Any CPU
		{99800B9C-002D-4DFA-8928-68D9D3CA26AE}.Debug|Any CPU.ActiveCfg = Debug|Any CPU
		{99800B9C-002D-4DFA-8928-68D9D3CA26AE}.Debug|Any CPU.Build.0 = Debug|Any CPU
		{99800B9C-002D-4DFA-8928-68D9D3CA26AE}.Release|Any CPU.ActiveCfg = Release|Any CPU
		{99800B9C-002D-4DFA-8928-68D9D3CA26AE}.Release|Any CPU.Build.0 = Release|Any CPU
	EndGlobalSection
	GlobalSection(SolutionProperties) = preSolution
		HideSolutionNode = FALSE
	EndGlobalSection
	GlobalSection(ExtensibilityGlobals) = postSolution
		SolutionGuid = {62374B45-40C6-4727-8D0E-03FAF3BA3F09}
	EndGlobalSection
EndGlobal
