
Microsoft Visual Studio Solution File, Format Version 12.00
# Visual Studio 15
VisualStudioVersion = 15.0.28307.168
MinimumVisualStudioVersion = 10.0.40219.1
Project("{9A19103F-16F7-4668-BE54-9A1E7A4F7556}") = "01-HarvestingFields", "01-Harvesting-Fields\01-HarvestingFields.csproj", "{186933BF-121D-4583-BF1A-8808ADEB7BE2}"
EndProject
Project("{9A19103F-16F7-4668-BE54-9A1E7A4F7556}") = "02-BlackBoxInteger", "02-BlackBoxInteger\02-BlackBoxInteger.csproj", "{0570D196-709C-42A7-9788-37C4F5D212C4}"
EndProject
Project("{9A19103F-16F7-4668-BE54-9A1E7A4F7556}") = "03-BarraksWars", "03-BarraksWars\03-BarraksWars.csproj", "{C7AEB239-6CF8-4AC4-98DD-40F666AEA147}"
EndProject
Project("{9A19103F-16F7-4668-BE54-9A1E7A4F7556}") = "04-Traffic-Lights", "04-Traffic-Lights\04-Traffic-Lights.csproj", "{3B21BBAB-A509-4BB6-A02C-B85F219DD392}"
EndProject
Project("{9A19103F-16F7-4668-BE54-9A1E7A4F7556}") = "05-Inferno-Infinity", "05-Inferno-Infinity\05-Inferno-Infinity.csproj", "{91D1865C-7634-4770-9260-69C842FBCCB9}"
EndProject
Project("{FAE04EC0-301F-11D3-BF4B-00C04F79EFBC}") = "06-CreateCustomClassAttribute", "06-CreateCustomClassAttribute\06-CreateCustomClassAttribute.csproj", "{AC8FABCD-643D-4A13-9AAB-90AD49FDCFB9}"
EndProject
Global
	GlobalSection(SolutionConfigurationPlatforms) = preSolution
		Debug|Any CPU = Debug|Any CPU
		Release|Any CPU = Release|Any CPU
	EndGlobalSection
	GlobalSection(ProjectConfigurationPlatforms) = postSolution
		{186933BF-121D-4583-BF1A-8808ADEB7BE2}.Debug|Any CPU.ActiveCfg = Debug|Any CPU
		{186933BF-121D-4583-BF1A-8808ADEB7BE2}.Debug|Any CPU.Build.0 = Debug|Any CPU
		{186933BF-121D-4583-BF1A-8808ADEB7BE2}.Release|Any CPU.ActiveCfg = Release|Any CPU
		{186933BF-121D-4583-BF1A-8808ADEB7BE2}.Release|Any CPU.Build.0 = Release|Any CPU
		{0570D196-709C-42A7-9788-37C4F5D212C4}.Debug|Any CPU.ActiveCfg = Debug|Any CPU
		{0570D196-709C-42A7-9788-37C4F5D212C4}.Debug|Any CPU.Build.0 = Debug|Any CPU
		{0570D196-709C-42A7-9788-37C4F5D212C4}.Release|Any CPU.ActiveCfg = Release|Any CPU
		{0570D196-709C-42A7-9788-37C4F5D212C4}.Release|Any CPU.Build.0 = Release|Any CPU
		{C7AEB239-6CF8-4AC4-98DD-40F666AEA147}.Debug|Any CPU.ActiveCfg = Debug|Any CPU
		{C7AEB239-6CF8-4AC4-98DD-40F666AEA147}.Debug|Any CPU.Build.0 = Debug|Any CPU
		{C7AEB239-6CF8-4AC4-98DD-40F666AEA147}.Release|Any CPU.ActiveCfg = Release|Any CPU
		{C7AEB239-6CF8-4AC4-98DD-40F666AEA147}.Release|Any CPU.Build.0 = Release|Any CPU
		{3B21BBAB-A509-4BB6-A02C-B85F219DD392}.Debug|Any CPU.ActiveCfg = Debug|Any CPU
		{3B21BBAB-A509-4BB6-A02C-B85F219DD392}.Debug|Any CPU.Build.0 = Debug|Any CPU
		{3B21BBAB-A509-4BB6-A02C-B85F219DD392}.Release|Any CPU.ActiveCfg = Release|Any CPU
		{3B21BBAB-A509-4BB6-A02C-B85F219DD392}.Release|Any CPU.Build.0 = Release|Any CPU
		{91D1865C-7634-4770-9260-69C842FBCCB9}.Debug|Any CPU.ActiveCfg = Debug|Any CPU
		{91D1865C-7634-4770-9260-69C842FBCCB9}.Debug|Any CPU.Build.0 = Debug|Any CPU
		{91D1865C-7634-4770-9260-69C842FBCCB9}.Release|Any CPU.ActiveCfg = Release|Any CPU
		{91D1865C-7634-4770-9260-69C842FBCCB9}.Release|Any CPU.Build.0 = Release|Any CPU
		{AC8FABCD-643D-4A13-9AAB-90AD49FDCFB9}.Debug|Any CPU.ActiveCfg = Debug|Any CPU
		{AC8FABCD-643D-4A13-9AAB-90AD49FDCFB9}.Debug|Any CPU.Build.0 = Debug|Any CPU
		{AC8FABCD-643D-4A13-9AAB-90AD49FDCFB9}.Release|Any CPU.ActiveCfg = Release|Any CPU
		{AC8FABCD-643D-4A13-9AAB-90AD49FDCFB9}.Release|Any CPU.Build.0 = Release|Any CPU
	EndGlobalSection
	GlobalSection(SolutionProperties) = preSolution
		HideSolutionNode = FALSE
	EndGlobalSection
	GlobalSection(ExtensibilityGlobals) = postSolution
		SolutionGuid = {D57FBFA4-6703-4F42-BC68-5157CCE795B1}
	EndGlobalSection
EndGlobal
