
Microsoft Visual Studio Solution File, Format Version 12.00
# Visual Studio 15
VisualStudioVersion = 15.0.28307.136
MinimumVisualStudioVersion = 10.0.40219.1
Project("{FAE04EC0-301F-11D3-BF4B-00C04F79EFBC}") = "01-Shapes", "01-Shapes\01-Shapes.csproj", "{C9FE3801-F60D-4CCF-BAD6-18BB4827A099}"
EndProject
Project("{FAE04EC0-301F-11D3-BF4B-00C04F79EFBC}") = "02-Cars", "02-Cars\02-Cars.csproj", "{E883A7CB-493E-4D99-90BA-A59F60F3F269}"
EndProject
Global
	GlobalSection(SolutionConfigurationPlatforms) = preSolution
		Debug|Any CPU = Debug|Any CPU
		Release|Any CPU = Release|Any CPU
	EndGlobalSection
	GlobalSection(ProjectConfigurationPlatforms) = postSolution
		{C9FE3801-F60D-4CCF-BAD6-18BB4827A099}.Debug|Any CPU.ActiveCfg = Debug|Any CPU
		{C9FE3801-F60D-4CCF-BAD6-18BB4827A099}.Debug|Any CPU.Build.0 = Debug|Any CPU
		{C9FE3801-F60D-4CCF-BAD6-18BB4827A099}.Release|Any CPU.ActiveCfg = Release|Any CPU
		{C9FE3801-F60D-4CCF-BAD6-18BB4827A099}.Release|Any CPU.Build.0 = Release|Any CPU
		{E883A7CB-493E-4D99-90BA-A59F60F3F269}.Debug|Any CPU.ActiveCfg = Debug|Any CPU
		{E883A7CB-493E-4D99-90BA-A59F60F3F269}.Debug|Any CPU.Build.0 = Debug|Any CPU
		{E883A7CB-493E-4D99-90BA-A59F60F3F269}.Release|Any CPU.ActiveCfg = Release|Any CPU
		{E883A7CB-493E-4D99-90BA-A59F60F3F269}.Release|Any CPU.Build.0 = Release|Any CPU
	EndGlobalSection
	GlobalSection(SolutionProperties) = preSolution
		HideSolutionNode = FALSE
	EndGlobalSection
	GlobalSection(ExtensibilityGlobals) = postSolution
		SolutionGuid = {CABC823A-BA9C-48E9-85FE-38E3FA3BF472}
	EndGlobalSection
EndGlobal
