
Microsoft Visual Studio Solution File, Format Version 12.00
# Visual Studio 15
VisualStudioVersion = 15.0.28307.136
MinimumVisualStudioVersion = 10.0.40219.1
Project("{FAE04EC0-301F-11D3-BF4B-00C04F79EFBC}") = "01-Stealer", "01-Stealer\01-Stealer.csproj", "{F9DEAAE2-D581-4A03-B351-3C43CDCA8807}"
EndProject
Project("{FAE04EC0-301F-11D3-BF4B-00C04F79EFBC}") = "02-High-Quality-Mistakes", "02-High-Quality-Mistakes\02-High-Quality-Mistakes.csproj", "{CBC38EFA-29C6-4606-AD89-2E850F1C50B8}"
EndProject
Project("{FAE04EC0-301F-11D3-BF4B-00C04F79EFBC}") = "03-Mission-Private-Impossible", "03-Mission-Private-Impossible\03-Mission-Private-Impossible.csproj", "{DEBDD8BC-2B00-46DF-87DD-F3F3D05CE5D6}"
EndProject
Project("{FAE04EC0-301F-11D3-BF4B-00C04F79EFBC}") = "04-Collector", "04-Collector\04-Collector.csproj", "{24F1331A-3879-4184-BCA3-F2362B38D9FA}"
EndProject
Project("{FAE04EC0-301F-11D3-BF4B-00C04F79EFBC}") = "05-CreateAttribute", "05-CreateAttribute\05-CreateAttribute.csproj", "{CFD00B6F-8A33-45EC-AECE-D9978FF0D61A}"
EndProject
Project("{FAE04EC0-301F-11D3-BF4B-00C04F79EFBC}") = "06-Code-Tracker", "06-Code-Tracker\06-Code-Tracker.csproj", "{FF33E662-B63A-409A-ADA8-8AE22326D3A9}"
EndProject
Global
	GlobalSection(SolutionConfigurationPlatforms) = preSolution
		Debug|Any CPU = Debug|Any CPU
		Release|Any CPU = Release|Any CPU
	EndGlobalSection
	GlobalSection(ProjectConfigurationPlatforms) = postSolution
		{F9DEAAE2-D581-4A03-B351-3C43CDCA8807}.Debug|Any CPU.ActiveCfg = Debug|Any CPU
		{F9DEAAE2-D581-4A03-B351-3C43CDCA8807}.Debug|Any CPU.Build.0 = Debug|Any CPU
		{F9DEAAE2-D581-4A03-B351-3C43CDCA8807}.Release|Any CPU.ActiveCfg = Release|Any CPU
		{F9DEAAE2-D581-4A03-B351-3C43CDCA8807}.Release|Any CPU.Build.0 = Release|Any CPU
		{CBC38EFA-29C6-4606-AD89-2E850F1C50B8}.Debug|Any CPU.ActiveCfg = Debug|Any CPU
		{CBC38EFA-29C6-4606-AD89-2E850F1C50B8}.Debug|Any CPU.Build.0 = Debug|Any CPU
		{CBC38EFA-29C6-4606-AD89-2E850F1C50B8}.Release|Any CPU.ActiveCfg = Release|Any CPU
		{CBC38EFA-29C6-4606-AD89-2E850F1C50B8}.Release|Any CPU.Build.0 = Release|Any CPU
		{DEBDD8BC-2B00-46DF-87DD-F3F3D05CE5D6}.Debug|Any CPU.ActiveCfg = Debug|Any CPU
		{DEBDD8BC-2B00-46DF-87DD-F3F3D05CE5D6}.Debug|Any CPU.Build.0 = Debug|Any CPU
		{DEBDD8BC-2B00-46DF-87DD-F3F3D05CE5D6}.Release|Any CPU.ActiveCfg = Release|Any CPU
		{DEBDD8BC-2B00-46DF-87DD-F3F3D05CE5D6}.Release|Any CPU.Build.0 = Release|Any CPU
		{24F1331A-3879-4184-BCA3-F2362B38D9FA}.Debug|Any CPU.ActiveCfg = Debug|Any CPU
		{24F1331A-3879-4184-BCA3-F2362B38D9FA}.Debug|Any CPU.Build.0 = Debug|Any CPU
		{24F1331A-3879-4184-BCA3-F2362B38D9FA}.Release|Any CPU.ActiveCfg = Release|Any CPU
		{24F1331A-3879-4184-BCA3-F2362B38D9FA}.Release|Any CPU.Build.0 = Release|Any CPU
		{CFD00B6F-8A33-45EC-AECE-D9978FF0D61A}.Debug|Any CPU.ActiveCfg = Debug|Any CPU
		{CFD00B6F-8A33-45EC-AECE-D9978FF0D61A}.Debug|Any CPU.Build.0 = Debug|Any CPU
		{CFD00B6F-8A33-45EC-AECE-D9978FF0D61A}.Release|Any CPU.ActiveCfg = Release|Any CPU
		{CFD00B6F-8A33-45EC-AECE-D9978FF0D61A}.Release|Any CPU.Build.0 = Release|Any CPU
		{FF33E662-B63A-409A-ADA8-8AE22326D3A9}.Debug|Any CPU.ActiveCfg = Debug|Any CPU
		{FF33E662-B63A-409A-ADA8-8AE22326D3A9}.Debug|Any CPU.Build.0 = Debug|Any CPU
		{FF33E662-B63A-409A-ADA8-8AE22326D3A9}.Release|Any CPU.ActiveCfg = Release|Any CPU
		{FF33E662-B63A-409A-ADA8-8AE22326D3A9}.Release|Any CPU.Build.0 = Release|Any CPU
	EndGlobalSection
	GlobalSection(SolutionProperties) = preSolution
		HideSolutionNode = FALSE
	EndGlobalSection
	GlobalSection(ExtensibilityGlobals) = postSolution
		SolutionGuid = {C497D9BC-C11F-4CBB-BC59-D77B6B47C60C}
	EndGlobalSection
EndGlobal
